
Microsoft Visual Studio Solution File, Format Version 12.00
# Visual Studio Version 17
VisualStudioVersion = 17.5.33516.290
MinimumVisualStudioVersion = 10.0.40219.1
Project("{FAE04EC0-301F-11D3-BF4B-00C04F79EFBC}") = "OOP_design_pract_singleton-new", "OOP_design_pract_singleton-new\OOP_design_pract_singleton-new.csproj", "{43EFE8C7-71F2-431A-BAAC-04017074D882}"
EndProject
Global
	GlobalSection(SolutionConfigurationPlatforms) = preSolution
		Debug|Any CPU = Debug|Any CPU
		Release|Any CPU = Release|Any CPU
	EndGlobalSection
	GlobalSection(ProjectConfigurationPlatforms) = postSolution
		{43EFE8C7-71F2-431A-BAAC-04017074D882}.Debug|Any CPU.ActiveCfg = Debug|Any CPU
		{43EFE8C7-71F2-431A-BAAC-04017074D882}.Debug|Any CPU.Build.0 = Debug|Any CPU
		{43EFE8C7-71F2-431A-BAAC-04017074D882}.Release|Any CPU.ActiveCfg = Release|Any CPU
		{43EFE8C7-71F2-431A-BAAC-04017074D882}.Release|Any CPU.Build.0 = Release|Any CPU
	EndGlobalSection
	GlobalSection(SolutionProperties) = preSolution
		HideSolutionNode = FALSE
	EndGlobalSection
	GlobalSection(ExtensibilityGlobals) = postSolution
		SolutionGuid = {E4F5F9A7-6033-41F3-B588-A0990AD9BB18}
	EndGlobalSection
EndGlobal
